// !$*UTF8*$!
{
	archiveVersion = 1;
	classes = {
	};
	objectVersion = 46;
	objects = {

/* Begin PBXBuildFile section */
		1D60589F0D05DD5A006BFB54 /* Foundation.framework in Frameworks */ = {isa = PBXBuildFile; fileRef = 1D30AB110D05D00D00671497 /* Foundation.framework */; };
		288765A50DF7441C002DB57D /* CoreGraphics.framework in Frameworks */ = {isa = PBXBuildFile; fileRef = 288765A40DF7441C002DB57D /* CoreGraphics.framework */; };
		503AE0F817EB97AB00D1A890 /* Icon.icns in Resources */ = {isa = PBXBuildFile; fileRef = 503AE0F617EB97AB00D1A890 /* Icon.icns */; };
		503AE10017EB989F00D1A890 /* AppController.mm in Sources */ = {isa = PBXBuildFile; fileRef = 503AE0FB17EB989F00D1A890 /* AppController.mm */; };
		503AE10117EB989F00D1A890 /* main.m in Sources */ = {isa = PBXBuildFile; fileRef = 503AE0FC17EB989F00D1A890 /* main.m */; };
		503AE10217EB989F00D1A890 /* RootViewController.mm in Sources */ = {isa = PBXBuildFile; fileRef = 503AE0FF17EB989F00D1A890 /* RootViewController.mm */; };
		503AE10517EB98FF00D1A890 /* main.cpp in Sources */ = {isa = PBXBuildFile; fileRef = 503AE10317EB98FF00D1A890 /* main.cpp */; };
		503AE11217EB99EE00D1A890 /* libcurl.dylib in Frameworks */ = {isa = PBXBuildFile; fileRef = 503AE11117EB99EE00D1A890 /* libcurl.dylib */; };
		503AE11B17EB9C5A00D1A890 /* IOKit.framework in Frameworks */ = {isa = PBXBuildFile; fileRef = 503AE11A17EB9C5A00D1A890 /* IOKit.framework */; };
		5087E76317EB910900C73F5D /* Foundation.framework in Frameworks */ = {isa = PBXBuildFile; fileRef = 1D30AB110D05D00D00671497 /* Foundation.framework */; };
		5087E76517EB910900C73F5D /* CoreGraphics.framework in Frameworks */ = {isa = PBXBuildFile; fileRef = 288765A40DF7441C002DB57D /* CoreGraphics.framework */; };
		5087E76817EB910900C73F5D /* QuartzCore.framework in Frameworks */ = {isa = PBXBuildFile; fileRef = BF1C47EA1293683800B63C5D /* QuartzCore.framework */; };
		5087E76917EB910900C73F5D /* OpenAL.framework in Frameworks */ = {isa = PBXBuildFile; fileRef = D44C620B132DFF330009C878 /* OpenAL.framework */; };
		5087E76A17EB910900C73F5D /* AVFoundation.framework in Frameworks */ = {isa = PBXBuildFile; fileRef = D44C620D132DFF430009C878 /* AVFoundation.framework */; };
		5087E76B17EB910900C73F5D /* AudioToolbox.framework in Frameworks */ = {isa = PBXBuildFile; fileRef = D44C620F132DFF4E0009C878 /* AudioToolbox.framework */; };
		5087E78917EB974C00C73F5D /* AppKit.framework in Frameworks */ = {isa = PBXBuildFile; fileRef = 5087E78817EB974C00C73F5D /* AppKit.framework */; };
		5087E78B17EB975400C73F5D /* OpenGL.framework in Frameworks */ = {isa = PBXBuildFile; fileRef = 5087E78A17EB975400C73F5D /* OpenGL.framework */; };
		BF1C47F01293687400B63C5D /* QuartzCore.framework in Frameworks */ = {isa = PBXBuildFile; fileRef = BF1C47EA1293683800B63C5D /* QuartzCore.framework */; };
		D44C620C132DFF330009C878 /* OpenAL.framework in Frameworks */ = {isa = PBXBuildFile; fileRef = D44C620B132DFF330009C878 /* OpenAL.framework */; };
		D44C620E132DFF430009C878 /* AVFoundation.framework in Frameworks */ = {isa = PBXBuildFile; fileRef = D44C620D132DFF430009C878 /* AVFoundation.framework */; };
		D44C6210132DFF4E0009C878 /* AudioToolbox.framework in Frameworks */ = {isa = PBXBuildFile; fileRef = D44C620F132DFF4E0009C878 /* AudioToolbox.framework */; };
		D5015FBC1D72B68E002E4BE7 /* GameCenterHandler.m in Sources */ = {isa = PBXBuildFile; fileRef = D5015FB91D72B68E002E4BE7 /* GameCenterHandler.m */; };
		D5015FBD1D72B68E002E4BE7 /* GameCenterHandler.m in Sources */ = {isa = PBXBuildFile; fileRef = D5015FB91D72B68E002E4BE7 /* GameCenterHandler.m */; };
		D5015FBE1D72B68E002E4BE7 /* IOSTool.m in Sources */ = {isa = PBXBuildFile; fileRef = D5015FBB1D72B68E002E4BE7 /* IOSTool.m */; };
		D5015FBF1D72B68E002E4BE7 /* IOSTool.m in Sources */ = {isa = PBXBuildFile; fileRef = D5015FBB1D72B68E002E4BE7 /* IOSTool.m */; };
		D506C62E1D55A430004B0618 /* libbox2d iOS.a in Frameworks */ = {isa = PBXBuildFile; fileRef = D506C61F1D55A30D004B0618 /* libbox2d iOS.a */; };
		D506C62F1D55A437004B0618 /* libchipmunk iOS.a in Frameworks */ = {isa = PBXBuildFile; fileRef = D506C61D1D55A30D004B0618 /* libchipmunk iOS.a */; };
		D506C6301D55A43B004B0618 /* libcocos2dx iOS.a in Frameworks */ = {isa = PBXBuildFile; fileRef = D506C6191D55A30D004B0618 /* libcocos2dx iOS.a */; };
		D506C6311D55A43F004B0618 /* libcocos2dx-extensions iOS.a in Frameworks */ = {isa = PBXBuildFile; fileRef = D506C61B1D55A30D004B0618 /* libcocos2dx-extensions iOS.a */; };
		D506C6321D55A443004B0618 /* libCocosDenshion iOS.a in Frameworks */ = {isa = PBXBuildFile; fileRef = D506C6211D55A30D004B0618 /* libCocosDenshion iOS.a */; };
		D53358551DBBB08F0079B1E6 /* AppDelegate.cpp in Sources */ = {isa = PBXBuildFile; fileRef = D53358511DBBB08F0079B1E6 /* AppDelegate.cpp */; };
		D53358561DBBB08F0079B1E6 /* AppDelegate.cpp in Sources */ = {isa = PBXBuildFile; fileRef = D53358511DBBB08F0079B1E6 /* AppDelegate.cpp */; };
		D533585C1DBBB10D0079B1E6 /* Images.xcassets in Resources */ = {isa = PBXBuildFile; fileRef = D533585B1DBBB10D0079B1E6 /* Images.xcassets */; };
		D56E8C411D56EC3200546523 /* font in Resources */ = {isa = PBXBuildFile; fileRef = D56E8C401D56EC3200546523 /* font */; };
		D56E8C421D56EC3200546523 /* font in Resources */ = {isa = PBXBuildFile; fileRef = D56E8C401D56EC3200546523 /* font */; };
		D599D8CA1DC5BEB100056B7E /* Ai.cpp in Sources */ = {isa = PBXBuildFile; fileRef = D599D8C01DC5BEB100056B7E /* Ai.cpp */; };
		D599D8CB1DC5BEB100056B7E /* Ai.cpp in Sources */ = {isa = PBXBuildFile; fileRef = D599D8C01DC5BEB100056B7E /* Ai.cpp */; };
		D599D8CC1DC5BEB100056B7E /* DouDiZhu.cpp in Sources */ = {isa = PBXBuildFile; fileRef = D599D8C21DC5BEB100056B7E /* DouDiZhu.cpp */; };
		D599D8CD1DC5BEB100056B7E /* DouDiZhu.cpp in Sources */ = {isa = PBXBuildFile; fileRef = D599D8C21DC5BEB100056B7E /* DouDiZhu.cpp */; };
		D599D8CE1DC5BEB100056B7E /* MainScene.cpp in Sources */ = {isa = PBXBuildFile; fileRef = D599D8C41DC5BEB100056B7E /* MainScene.cpp */; };
		D599D8CF1DC5BEB100056B7E /* MainScene.cpp in Sources */ = {isa = PBXBuildFile; fileRef = D599D8C41DC5BEB100056B7E /* MainScene.cpp */; };
		D599D8D01DC5BEB100056B7E /* PlayerDDZ.cpp in Sources */ = {isa = PBXBuildFile; fileRef = D599D8C61DC5BEB100056B7E /* PlayerDDZ.cpp */; };
		D599D8D11DC5BEB100056B7E /* PlayerDDZ.cpp in Sources */ = {isa = PBXBuildFile; fileRef = D599D8C61DC5BEB100056B7E /* PlayerDDZ.cpp */; };
		D599D8D21DC5BEB100056B7E /* PokerDDZ.cpp in Sources */ = {isa = PBXBuildFile; fileRef = D599D8C81DC5BEB100056B7E /* PokerDDZ.cpp */; };
		D599D8D31DC5BEB100056B7E /* PokerDDZ.cpp in Sources */ = {isa = PBXBuildFile; fileRef = D599D8C81DC5BEB100056B7E /* PokerDDZ.cpp */; };
		D599D8D71DC5BEE200056B7E /* GameTool.cpp in Sources */ = {isa = PBXBuildFile; fileRef = D599D8D51DC5BEE200056B7E /* GameTool.cpp */; };
		D599D8D81DC5BEE200056B7E /* GameTool.cpp in Sources */ = {isa = PBXBuildFile; fileRef = D599D8D51DC5BEE200056B7E /* GameTool.cpp */; };
		D5A55A171D731E8D00E8E9B3 /* CoreData.framework in Frameworks */ = {isa = PBXBuildFile; fileRef = D5A55A161D731E8D00E8E9B3 /* CoreData.framework */; };
		D5A55ABD1D73388000E8E9B3 /* CoreDataHandler.m in Sources */ = {isa = PBXBuildFile; fileRef = D5A55ABC1D73388000E8E9B3 /* CoreDataHandler.m */; };
		D5A55ABE1D73388000E8E9B3 /* CoreDataHandler.m in Sources */ = {isa = PBXBuildFile; fileRef = D5A55ABC1D73388000E8E9B3 /* CoreDataHandler.m */; };
		D5B58A2F1DA6B6010015903F /* image in Resources */ = {isa = PBXBuildFile; fileRef = D5B58A2E1DA6B6010015903F /* image */; };
		D5B58A301DA6B6010015903F /* image in Resources */ = {isa = PBXBuildFile; fileRef = D5B58A2E1DA6B6010015903F /* image */; };
		D5B9C13E1DC49208008FF3DC /* GameData.xcdatamodeld in Sources */ = {isa = PBXBuildFile; fileRef = D5B9C13C1DC49208008FF3DC /* GameData.xcdatamodeld */; };
		D5B9C13F1DC49208008FF3DC /* GameData.xcdatamodeld in Sources */ = {isa = PBXBuildFile; fileRef = D5B9C13C1DC49208008FF3DC /* GameData.xcdatamodeld */; };
		D5BA7B491D69FFF400CF9033 /* CoreMotion.framework in Frameworks */ = {isa = PBXBuildFile; fileRef = D5BA7B481D69FFF400CF9033 /* CoreMotion.framework */; };
		D5BA7B521D6A000300CF9033 /* GameKit.framework in Frameworks */ = {isa = PBXBuildFile; fileRef = D5BA7B511D6A000300CF9033 /* GameKit.framework */; };
		D5BA7B541D6A001E00CF9033 /* OpenGLES.framework in Frameworks */ = {isa = PBXBuildFile; fileRef = D5BA7B531D6A001E00CF9033 /* OpenGLES.framework */; };
		D5BA7B561D6A002A00CF9033 /* UIKit.framework in Frameworks */ = {isa = PBXBuildFile; fileRef = D5BA7B551D6A002A00CF9033 /* UIKit.framework */; };
		D5BA7B581D6A003F00CF9033 /* libz.tbd in Frameworks */ = {isa = PBXBuildFile; fileRef = D5BA7B571D6A003F00CF9033 /* libz.tbd */; };
		D5ED89CA1D58C4BB004AB3F9 /* KUtil.cpp in Sources */ = {isa = PBXBuildFile; fileRef = D5ED89C61D58C4BB004AB3F9 /* KUtil.cpp */; };
		D5ED89CB1D58C4BB004AB3F9 /* KUtil.cpp in Sources */ = {isa = PBXBuildFile; fileRef = D5ED89C61D58C4BB004AB3F9 /* KUtil.cpp */; };
		D5ED89CC1D58C4BB004AB3F9 /* KUtilIOS.mm in Sources */ = {isa = PBXBuildFile; fileRef = D5ED89C91D58C4BB004AB3F9 /* KUtilIOS.mm */; };
		D5ED89CD1D58C4BB004AB3F9 /* KUtilIOS.mm in Sources */ = {isa = PBXBuildFile; fileRef = D5ED89C91D58C4BB004AB3F9 /* KUtilIOS.mm */; };
/* End PBXBuildFile section */

/* Begin PBXContainerItemProxy section */
		D506C60E1D55A30D004B0618 /* PBXContainerItemProxy */ = {
			isa = PBXContainerItemProxy;
			containerPortal = D506C5FF1D55A30D004B0618 /* cocos2d_libs.xcodeproj */;
			proxyType = 2;
			remoteGlobalIDString = 1551A33F158F2AB200E66CFE;
			remoteInfo = "cocos2dx Mac";
		};
		D506C6101D55A30D004B0618 /* PBXContainerItemProxy */ = {
			isa = PBXContainerItemProxy;
			containerPortal = D506C5FF1D55A30D004B0618 /* cocos2d_libs.xcodeproj */;
			proxyType = 2;
			remoteGlobalIDString = A03F2FD617814595006731B9;
			remoteInfo = "cocos2dx-extensions Mac";
		};
		D506C6121D55A30D004B0618 /* PBXContainerItemProxy */ = {
			isa = PBXContainerItemProxy;
			containerPortal = D506C5FF1D55A30D004B0618 /* cocos2d_libs.xcodeproj */;
			proxyType = 2;
			remoteGlobalIDString = A03F2CB81780BD04006731B9;
			remoteInfo = "chipmunk Mac";
		};
		D506C6141D55A30D004B0618 /* PBXContainerItemProxy */ = {
			isa = PBXContainerItemProxy;
			containerPortal = D506C5FF1D55A30D004B0618 /* cocos2d_libs.xcodeproj */;
			proxyType = 2;
			remoteGlobalIDString = A03F2D9B1780BDF7006731B9;
			remoteInfo = "box2d Mac";
		};
		D506C6161D55A30D004B0618 /* PBXContainerItemProxy */ = {
			isa = PBXContainerItemProxy;
			containerPortal = D506C5FF1D55A30D004B0618 /* cocos2d_libs.xcodeproj */;
			proxyType = 2;
			remoteGlobalIDString = A03F2ED617814268006731B9;
			remoteInfo = "CocosDenshion Mac";
		};
		D506C6181D55A30D004B0618 /* PBXContainerItemProxy */ = {
			isa = PBXContainerItemProxy;
			containerPortal = D506C5FF1D55A30D004B0618 /* cocos2d_libs.xcodeproj */;
			proxyType = 2;
			remoteGlobalIDString = A07A4D641783777C0073F6A7;
			remoteInfo = "cocos2dx iOS";
		};
		D506C61A1D55A30D004B0618 /* PBXContainerItemProxy */ = {
			isa = PBXContainerItemProxy;
			containerPortal = D506C5FF1D55A30D004B0618 /* cocos2d_libs.xcodeproj */;
			proxyType = 2;
			remoteGlobalIDString = A07A4EFC1783867C0073F6A7;
			remoteInfo = "cocos2dx-extensions iOS";
		};
		D506C61C1D55A30D004B0618 /* PBXContainerItemProxy */ = {
			isa = PBXContainerItemProxy;
			containerPortal = D506C5FF1D55A30D004B0618 /* cocos2d_libs.xcodeproj */;
			proxyType = 2;
			remoteGlobalIDString = A07A4F3B178387670073F6A7;
			remoteInfo = "chipmunk iOS";
		};
		D506C61E1D55A30D004B0618 /* PBXContainerItemProxy */ = {
			isa = PBXContainerItemProxy;
			containerPortal = D506C5FF1D55A30D004B0618 /* cocos2d_libs.xcodeproj */;
			proxyType = 2;
			remoteGlobalIDString = A07A4F9E1783876B0073F6A7;
			remoteInfo = "box2d iOS";
		};
		D506C6201D55A30D004B0618 /* PBXContainerItemProxy */ = {
			isa = PBXContainerItemProxy;
			containerPortal = D506C5FF1D55A30D004B0618 /* cocos2d_libs.xcodeproj */;
			proxyType = 2;
			remoteGlobalIDString = A07A4FB4178387730073F6A7;
			remoteInfo = "CocosDenshion iOS";
		};
		D506C6221D55A3FD004B0618 /* PBXContainerItemProxy */ = {
			isa = PBXContainerItemProxy;
			containerPortal = D506C5FF1D55A30D004B0618 /* cocos2d_libs.xcodeproj */;
			proxyType = 1;
			remoteGlobalIDString = A07A4C241783777C0073F6A7;
			remoteInfo = "cocos2dx iOS";
		};
		D506C6241D55A400004B0618 /* PBXContainerItemProxy */ = {
			isa = PBXContainerItemProxy;
			containerPortal = D506C5FF1D55A30D004B0618 /* cocos2d_libs.xcodeproj */;
			proxyType = 1;
			remoteGlobalIDString = A07A4E111783867C0073F6A7;
			remoteInfo = "cocos2dx-extensions iOS";
		};
		D506C6261D55A403004B0618 /* PBXContainerItemProxy */ = {
			isa = PBXContainerItemProxy;
			containerPortal = D506C5FF1D55A30D004B0618 /* cocos2d_libs.xcodeproj */;
			proxyType = 1;
			remoteGlobalIDString = A07A4EFD178387670073F6A7;
			remoteInfo = "chipmunk iOS";
		};
		D506C6281D55A406004B0618 /* PBXContainerItemProxy */ = {
			isa = PBXContainerItemProxy;
			containerPortal = D506C5FF1D55A30D004B0618 /* cocos2d_libs.xcodeproj */;
			proxyType = 1;
			remoteGlobalIDString = A07A4F3C1783876B0073F6A7;
			remoteInfo = "box2d iOS";
		};
		D506C62A1D55A40A004B0618 /* PBXContainerItemProxy */ = {
			isa = PBXContainerItemProxy;
			containerPortal = D506C5FF1D55A30D004B0618 /* cocos2d_libs.xcodeproj */;
			proxyType = 1;
			remoteGlobalIDString = A07A4F9F178387730073F6A7;
			remoteInfo = "CocosDenshion iOS";
		};
/* End PBXContainerItemProxy section */

/* Begin PBXFileReference section */
		1ACB3243164770DE00914215 /* libcurl.a */ = {isa = PBXFileReference; lastKnownFileType = archive.ar; name = libcurl.a; path = ../../cocos2dx/platform/third_party/ios/libraries/libcurl.a; sourceTree = "<group>"; };
		1D30AB110D05D00D00671497 /* Foundation.framework */ = {isa = PBXFileReference; lastKnownFileType = wrapper.framework; name = Foundation.framework; path = System/Library/Frameworks/Foundation.framework; sourceTree = SDKROOT; };
		1D6058910D05DD3D006BFB54 /* DouDiZhu.app */ = {isa = PBXFileReference; explicitFileType = wrapper.application; includeInIndex = 0; path = DouDiZhu.app; sourceTree = BUILT_PRODUCTS_DIR; };
		288765A40DF7441C002DB57D /* CoreGraphics.framework */ = {isa = PBXFileReference; lastKnownFileType = wrapper.framework; name = CoreGraphics.framework; path = System/Library/Frameworks/CoreGraphics.framework; sourceTree = SDKROOT; };
		503AE0F617EB97AB00D1A890 /* Icon.icns */ = {isa = PBXFileReference; lastKnownFileType = image.icns; path = Icon.icns; sourceTree = "<group>"; };
		503AE0F717EB97AB00D1A890 /* Info.plist */ = {isa = PBXFileReference; fileEncoding = 4; lastKnownFileType = text.plist.xml; path = Info.plist; sourceTree = "<group>"; };
		503AE0FA17EB989F00D1A890 /* AppController.h */ = {isa = PBXFileReference; fileEncoding = 4; lastKnownFileType = sourcecode.c.h; name = AppController.h; path = ios/AppController.h; sourceTree = SOURCE_ROOT; };
		503AE0FB17EB989F00D1A890 /* AppController.mm */ = {isa = PBXFileReference; fileEncoding = 4; lastKnownFileType = sourcecode.cpp.objcpp; name = AppController.mm; path = ios/AppController.mm; sourceTree = SOURCE_ROOT; };
		503AE0FC17EB989F00D1A890 /* main.m */ = {isa = PBXFileReference; fileEncoding = 4; lastKnownFileType = sourcecode.c.objc; name = main.m; path = ios/main.m; sourceTree = SOURCE_ROOT; };
		503AE0FD17EB989F00D1A890 /* Prefix.pch */ = {isa = PBXFileReference; fileEncoding = 4; lastKnownFileType = sourcecode.c.h; name = Prefix.pch; path = ios/Prefix.pch; sourceTree = SOURCE_ROOT; };
		503AE0FE17EB989F00D1A890 /* RootViewController.h */ = {isa = PBXFileReference; fileEncoding = 4; lastKnownFileType = sourcecode.c.h; name = RootViewController.h; path = ios/RootViewController.h; sourceTree = SOURCE_ROOT; };
		503AE0FF17EB989F00D1A890 /* RootViewController.mm */ = {isa = PBXFileReference; fileEncoding = 4; lastKnownFileType = sourcecode.cpp.objcpp; name = RootViewController.mm; path = ios/RootViewController.mm; sourceTree = SOURCE_ROOT; };
		503AE10317EB98FF00D1A890 /* main.cpp */ = {isa = PBXFileReference; fileEncoding = 4; lastKnownFileType = sourcecode.cpp.cpp; name = main.cpp; path = mac/main.cpp; sourceTree = "<group>"; };
		503AE10417EB98FF00D1A890 /* Prefix.pch */ = {isa = PBXFileReference; fileEncoding = 4; lastKnownFileType = sourcecode.c.h; name = Prefix.pch; path = mac/Prefix.pch; sourceTree = "<group>"; };
		503AE11117EB99EE00D1A890 /* libcurl.dylib */ = {isa = PBXFileReference; lastKnownFileType = "compiled.mach-o.dylib"; name = libcurl.dylib; path = usr/lib/libcurl.dylib; sourceTree = SDKROOT; };
		503AE11A17EB9C5A00D1A890 /* IOKit.framework */ = {isa = PBXFileReference; lastKnownFileType = wrapper.framework; name = IOKit.framework; path = System/Library/Frameworks/IOKit.framework; sourceTree = SDKROOT; };
		5087E76F17EB910900C73F5D /* DouDiZhu iOS.app */ = {isa = PBXFileReference; explicitFileType = wrapper.application; includeInIndex = 0; path = "DouDiZhu iOS.app"; sourceTree = BUILT_PRODUCTS_DIR; };
		5087E78817EB974C00C73F5D /* AppKit.framework */ = {isa = PBXFileReference; lastKnownFileType = wrapper.framework; name = AppKit.framework; path = System/Library/Frameworks/AppKit.framework; sourceTree = SDKROOT; };
		5087E78A17EB975400C73F5D /* OpenGL.framework */ = {isa = PBXFileReference; lastKnownFileType = wrapper.framework; name = OpenGL.framework; path = System/Library/Frameworks/OpenGL.framework; sourceTree = SDKROOT; };
		BF1C47EA1293683800B63C5D /* QuartzCore.framework */ = {isa = PBXFileReference; lastKnownFileType = wrapper.framework; name = QuartzCore.framework; path = System/Library/Frameworks/QuartzCore.framework; sourceTree = SDKROOT; };
		D44C620B132DFF330009C878 /* OpenAL.framework */ = {isa = PBXFileReference; lastKnownFileType = wrapper.framework; name = OpenAL.framework; path = System/Library/Frameworks/OpenAL.framework; sourceTree = SDKROOT; };
		D44C620D132DFF430009C878 /* AVFoundation.framework */ = {isa = PBXFileReference; lastKnownFileType = wrapper.framework; name = AVFoundation.framework; path = System/Library/Frameworks/AVFoundation.framework; sourceTree = SDKROOT; };
		D44C620F132DFF4E0009C878 /* AudioToolbox.framework */ = {isa = PBXFileReference; lastKnownFileType = wrapper.framework; name = AudioToolbox.framework; path = System/Library/Frameworks/AudioToolbox.framework; sourceTree = SDKROOT; };
		D5015FB81D72B68E002E4BE7 /* GameCenterHandler.h */ = {isa = PBXFileReference; fileEncoding = 4; lastKnownFileType = sourcecode.c.h; path = GameCenterHandler.h; sourceTree = "<group>"; };
		D5015FB91D72B68E002E4BE7 /* GameCenterHandler.m */ = {isa = PBXFileReference; fileEncoding = 4; lastKnownFileType = sourcecode.c.objc; path = GameCenterHandler.m; sourceTree = "<group>"; };
		D5015FBA1D72B68E002E4BE7 /* IOSTool.h */ = {isa = PBXFileReference; fileEncoding = 4; lastKnownFileType = sourcecode.c.h; path = IOSTool.h; sourceTree = "<group>"; };
		D5015FBB1D72B68E002E4BE7 /* IOSTool.m */ = {isa = PBXFileReference; fileEncoding = 4; lastKnownFileType = sourcecode.c.objc; path = IOSTool.m; sourceTree = "<group>"; };
		D506C5FF1D55A30D004B0618 /* cocos2d_libs.xcodeproj */ = {isa = PBXFileReference; lastKnownFileType = "wrapper.pb-project"; name = cocos2d_libs.xcodeproj; path = ../../../build/cocos2d_libs.xcodeproj; sourceTree = "<group>"; };
		D53358511DBBB08F0079B1E6 /* AppDelegate.cpp */ = {isa = PBXFileReference; fileEncoding = 4; lastKnownFileType = sourcecode.cpp.cpp; name = AppDelegate.cpp; path = ../Classes/AppDelegate.cpp; sourceTree = "<group>"; };
		D53358521DBBB08F0079B1E6 /* AppDelegate.h */ = {isa = PBXFileReference; fileEncoding = 4; lastKnownFileType = sourcecode.c.h; name = AppDelegate.h; path = ../Classes/AppDelegate.h; sourceTree = "<group>"; };
		D533585B1DBBB10D0079B1E6 /* Images.xcassets */ = {isa = PBXFileReference; lastKnownFileType = folder.assetcatalog; name = Images.xcassets; path = "DouDiZhu iOS/Images.xcassets"; sourceTree = SOURCE_ROOT; };
		D56E8C401D56EC3200546523 /* font */ = {isa = PBXFileReference; lastKnownFileType = folder; path = font; sourceTree = "<group>"; };
		D599D8C01DC5BEB100056B7E /* Ai.cpp */ = {isa = PBXFileReference; fileEncoding = 4; lastKnownFileType = sourcecode.cpp.cpp; name = Ai.cpp; path = ../Classes/Ai.cpp; sourceTree = "<group>"; };
		D599D8C11DC5BEB100056B7E /* Ai.h */ = {isa = PBXFileReference; fileEncoding = 4; lastKnownFileType = sourcecode.c.h; name = Ai.h; path = ../Classes/Ai.h; sourceTree = "<group>"; };
		D599D8C21DC5BEB100056B7E /* DouDiZhu.cpp */ = {isa = PBXFileReference; fileEncoding = 4; lastKnownFileType = sourcecode.cpp.cpp; name = DouDiZhu.cpp; path = ../Classes/DouDiZhu.cpp; sourceTree = "<group>"; };
		D599D8C31DC5BEB100056B7E /* DouDiZhu.h */ = {isa = PBXFileReference; fileEncoding = 4; lastKnownFileType = sourcecode.c.h; name = DouDiZhu.h; path = ../Classes/DouDiZhu.h; sourceTree = "<group>"; };
		D599D8C41DC5BEB100056B7E /* MainScene.cpp */ = {isa = PBXFileReference; fileEncoding = 4; lastKnownFileType = sourcecode.cpp.cpp; name = MainScene.cpp; path = ../Classes/MainScene.cpp; sourceTree = "<group>"; };
		D599D8C51DC5BEB100056B7E /* MainScene.h */ = {isa = PBXFileReference; fileEncoding = 4; lastKnownFileType = sourcecode.c.h; name = MainScene.h; path = ../Classes/MainScene.h; sourceTree = "<group>"; };
		D599D8C61DC5BEB100056B7E /* PlayerDDZ.cpp */ = {isa = PBXFileReference; fileEncoding = 4; lastKnownFileType = sourcecode.cpp.cpp; name = PlayerDDZ.cpp; path = ../Classes/PlayerDDZ.cpp; sourceTree = "<group>"; };
		D599D8C71DC5BEB100056B7E /* PlayerDDZ.h */ = {isa = PBXFileReference; fileEncoding = 4; lastKnownFileType = sourcecode.c.h; name = PlayerDDZ.h; path = ../Classes/PlayerDDZ.h; sourceTree = "<group>"; };
		D599D8C81DC5BEB100056B7E /* PokerDDZ.cpp */ = {isa = PBXFileReference; fileEncoding = 4; lastKnownFileType = sourcecode.cpp.cpp; name = PokerDDZ.cpp; path = ../Classes/PokerDDZ.cpp; sourceTree = "<group>"; };
		D599D8C91DC5BEB100056B7E /* PokerDDZ.h */ = {isa = PBXFileReference; fileEncoding = 4; lastKnownFileType = sourcecode.c.h; name = PokerDDZ.h; path = ../Classes/PokerDDZ.h; sourceTree = "<group>"; };
		D599D8D41DC5BEE200056B7E /* GameHeader.h */ = {isa = PBXFileReference; fileEncoding = 4; lastKnownFileType = sourcecode.c.h; name = GameHeader.h; path = ../Classes/GameHeader.h; sourceTree = "<group>"; };
		D599D8D51DC5BEE200056B7E /* GameTool.cpp */ = {isa = PBXFileReference; fileEncoding = 4; lastKnownFileType = sourcecode.cpp.cpp; name = GameTool.cpp; path = ../Classes/GameTool.cpp; sourceTree = "<group>"; };
		D599D8D61DC5BEE200056B7E /* GameTool.h */ = {isa = PBXFileReference; fileEncoding = 4; lastKnownFileType = sourcecode.c.h; name = GameTool.h; path = ../Classes/GameTool.h; sourceTree = "<group>"; };
		D5A55A161D731E8D00E8E9B3 /* CoreData.framework */ = {isa = PBXFileReference; lastKnownFileType = wrapper.framework; name = CoreData.framework; path = Platforms/iPhoneOS.platform/Developer/SDKs/iPhoneOS9.3.sdk/System/Library/Frameworks/CoreData.framework; sourceTree = DEVELOPER_DIR; };
		D5A55ABC1D73388000E8E9B3 /* CoreDataHandler.m */ = {isa = PBXFileReference; fileEncoding = 4; lastKnownFileType = sourcecode.c.objc; path = CoreDataHandler.m; sourceTree = "<group>"; };
		D5A55AC01D7338D700E8E9B3 /* CoreDataHandler.h */ = {isa = PBXFileReference; fileEncoding = 4; lastKnownFileType = sourcecode.c.h; path = CoreDataHandler.h; sourceTree = "<group>"; };
		D5B58A2E1DA6B6010015903F /* image */ = {isa = PBXFileReference; lastKnownFileType = folder; path = image; sourceTree = "<group>"; };
		D5B9C13D1DC49208008FF3DC /* GameData.xcdatamodel */ = {isa = PBXFileReference; lastKnownFileType = wrapper.xcdatamodel; path = GameData.xcdatamodel; sourceTree = "<group>"; };
		D5BA7B481D69FFF400CF9033 /* CoreMotion.framework */ = {isa = PBXFileReference; lastKnownFileType = wrapper.framework; name = CoreMotion.framework; path = Platforms/iPhoneOS.platform/Developer/SDKs/iPhoneOS9.3.sdk/System/Library/Frameworks/CoreMotion.framework; sourceTree = DEVELOPER_DIR; };
		D5BA7B511D6A000300CF9033 /* GameKit.framework */ = {isa = PBXFileReference; lastKnownFileType = wrapper.framework; name = GameKit.framework; path = Platforms/iPhoneOS.platform/Developer/SDKs/iPhoneOS9.3.sdk/System/Library/Frameworks/GameKit.framework; sourceTree = DEVELOPER_DIR; };
		D5BA7B531D6A001E00CF9033 /* OpenGLES.framework */ = {isa = PBXFileReference; lastKnownFileType = wrapper.framework; name = OpenGLES.framework; path = Platforms/iPhoneOS.platform/Developer/SDKs/iPhoneOS9.3.sdk/System/Library/Frameworks/OpenGLES.framework; sourceTree = DEVELOPER_DIR; };
		D5BA7B551D6A002A00CF9033 /* UIKit.framework */ = {isa = PBXFileReference; lastKnownFileType = wrapper.framework; name = UIKit.framework; path = Platforms/iPhoneOS.platform/Developer/SDKs/iPhoneOS9.3.sdk/System/Library/Frameworks/UIKit.framework; sourceTree = DEVELOPER_DIR; };
		D5BA7B571D6A003F00CF9033 /* libz.tbd */ = {isa = PBXFileReference; lastKnownFileType = "sourcecode.text-based-dylib-definition"; name = libz.tbd; path = Platforms/iPhoneOS.platform/Developer/SDKs/iPhoneOS9.3.sdk/usr/lib/libz.tbd; sourceTree = DEVELOPER_DIR; };
		D5BE5BDF1DBA6D6900AA8C02 /* Info.plist */ = {isa = PBXFileReference; fileEncoding = 4; lastKnownFileType = text.plist.xml; name = Info.plist; path = ios/Info.plist; sourceTree = SOURCE_ROOT; };
		D5ED89C41D58C4BB004AB3F9 /* KHeader.h */ = {isa = PBXFileReference; fileEncoding = 4; lastKnownFileType = sourcecode.c.h; path = KHeader.h; sourceTree = "<group>"; };
		D5ED89C61D58C4BB004AB3F9 /* KUtil.cpp */ = {isa = PBXFileReference; fileEncoding = 4; lastKnownFileType = sourcecode.cpp.cpp; path = KUtil.cpp; sourceTree = "<group>"; };
		D5ED89C71D58C4BB004AB3F9 /* KUtil.h */ = {isa = PBXFileReference; fileEncoding = 4; lastKnownFileType = sourcecode.c.h; path = KUtil.h; sourceTree = "<group>"; };
		D5ED89C81D58C4BB004AB3F9 /* KUtilIOS.h */ = {isa = PBXFileReference; fileEncoding = 4; lastKnownFileType = sourcecode.c.h; path = KUtilIOS.h; sourceTree = "<group>"; };
		D5ED89C91D58C4BB004AB3F9 /* KUtilIOS.mm */ = {isa = PBXFileReference; fileEncoding = 4; lastKnownFileType = sourcecode.cpp.objcpp; path = KUtilIOS.mm; sourceTree = "<group>"; };
/* End PBXFileReference section */

/* Begin PBXFrameworksBuildPhase section */
		1D60588F0D05DD3D006BFB54 /* Frameworks */ = {
			isa = PBXFrameworksBuildPhase;
			buildActionMask = 2147483647;
			files = (
				D5A55A171D731E8D00E8E9B3 /* CoreData.framework in Frameworks */,
				D5BA7B581D6A003F00CF9033 /* libz.tbd in Frameworks */,
				D5BA7B561D6A002A00CF9033 /* UIKit.framework in Frameworks */,
				D5BA7B541D6A001E00CF9033 /* OpenGLES.framework in Frameworks */,
				D5BA7B521D6A000300CF9033 /* GameKit.framework in Frameworks */,
				D5BA7B491D69FFF400CF9033 /* CoreMotion.framework in Frameworks */,
				D506C6321D55A443004B0618 /* libCocosDenshion iOS.a in Frameworks */,
				D506C6311D55A43F004B0618 /* libcocos2dx-extensions iOS.a in Frameworks */,
				D506C6301D55A43B004B0618 /* libcocos2dx iOS.a in Frameworks */,
				D506C62F1D55A437004B0618 /* libchipmunk iOS.a in Frameworks */,
				D506C62E1D55A430004B0618 /* libbox2d iOS.a in Frameworks */,
				1D60589F0D05DD5A006BFB54 /* Foundation.framework in Frameworks */,
				288765A50DF7441C002DB57D /* CoreGraphics.framework in Frameworks */,
				BF1C47F01293687400B63C5D /* QuartzCore.framework in Frameworks */,
				D44C620C132DFF330009C878 /* OpenAL.framework in Frameworks */,
				D44C620E132DFF430009C878 /* AVFoundation.framework in Frameworks */,
				D44C6210132DFF4E0009C878 /* AudioToolbox.framework in Frameworks */,
			);
			runOnlyForDeploymentPostprocessing = 0;
		};
		5087E75C17EB910900C73F5D /* Frameworks */ = {
			isa = PBXFrameworksBuildPhase;
			buildActionMask = 2147483647;
			files = (
				503AE11217EB99EE00D1A890 /* libcurl.dylib in Frameworks */,
				503AE11B17EB9C5A00D1A890 /* IOKit.framework in Frameworks */,
				5087E78B17EB975400C73F5D /* OpenGL.framework in Frameworks */,
				5087E78917EB974C00C73F5D /* AppKit.framework in Frameworks */,
				5087E76317EB910900C73F5D /* Foundation.framework in Frameworks */,
				5087E76517EB910900C73F5D /* CoreGraphics.framework in Frameworks */,
				5087E76817EB910900C73F5D /* QuartzCore.framework in Frameworks */,
				5087E76917EB910900C73F5D /* OpenAL.framework in Frameworks */,
				5087E76A17EB910900C73F5D /* AVFoundation.framework in Frameworks */,
				5087E76B17EB910900C73F5D /* AudioToolbox.framework in Frameworks */,
			);
			runOnlyForDeploymentPostprocessing = 0;
		};
/* End PBXFrameworksBuildPhase section */

/* Begin PBXGroup section */
		080E96DDFE201D6D7F000001 /* ios */ = {
			isa = PBXGroup;
			children = (
				D5BE5BDF1DBA6D6900AA8C02 /* Info.plist */,
				503AE0FA17EB989F00D1A890 /* AppController.h */,
				503AE0FB17EB989F00D1A890 /* AppController.mm */,
				503AE0FC17EB989F00D1A890 /* main.m */,
				503AE0FD17EB989F00D1A890 /* Prefix.pch */,
				503AE0FE17EB989F00D1A890 /* RootViewController.h */,
				503AE0FF17EB989F00D1A890 /* RootViewController.mm */,
			);
			name = ios;
			path = Classes;
			sourceTree = "<group>";
		};
		15AA9C4015B7EC450033D6C2 /* Classes */ = {
			isa = PBXGroup;
			children = (
				D599D8D41DC5BEE200056B7E /* GameHeader.h */,
				D599D8D51DC5BEE200056B7E /* GameTool.cpp */,
				D599D8D61DC5BEE200056B7E /* GameTool.h */,
				D599D8C01DC5BEB100056B7E /* Ai.cpp */,
				D599D8C11DC5BEB100056B7E /* Ai.h */,
				D599D8C21DC5BEB100056B7E /* DouDiZhu.cpp */,
				D599D8C31DC5BEB100056B7E /* DouDiZhu.h */,
				D599D8C41DC5BEB100056B7E /* MainScene.cpp */,
				D599D8C51DC5BEB100056B7E /* MainScene.h */,
				D599D8C61DC5BEB100056B7E /* PlayerDDZ.cpp */,
				D599D8C71DC5BEB100056B7E /* PlayerDDZ.h */,
				D599D8C81DC5BEB100056B7E /* PokerDDZ.cpp */,
				D599D8C91DC5BEB100056B7E /* PokerDDZ.h */,
				D53358511DBBB08F0079B1E6 /* AppDelegate.cpp */,
				D53358521DBBB08F0079B1E6 /* AppDelegate.h */,
			);
			name = Classes;
			path = ../classes;
			sourceTree = "<group>";
		};
		19C28FACFE9D520D11CA2CBB /* Products */ = {
			isa = PBXGroup;
			children = (
				1D6058910D05DD3D006BFB54 /* DouDiZhu.app */,
				5087E76F17EB910900C73F5D /* DouDiZhu iOS.app */,
			);
			name = Products;
			sourceTree = "<group>";
		};
		29B97314FDCFA39411CA2CEA /* CustomTemplate */ = {
			isa = PBXGroup;
			children = (
				D506C5FF1D55A30D004B0618 /* cocos2d_libs.xcodeproj */,
				D5ED89C21D58C4BB004AB3F9 /* utils */,
				15AA9C4015B7EC450033D6C2 /* Classes */,
				29B97323FDCFA39411CA2CEA /* Frameworks */,
				080E96DDFE201D6D7F000001 /* ios */,
				503AE10617EB990700D1A890 /* mac */,
				19C28FACFE9D520D11CA2CBB /* Products */,
				78C7DDAA14EBA5050085D0C2 /* Resources */,
			);
			name = CustomTemplate;
			sourceTree = "<group>";
		};
		29B97323FDCFA39411CA2CEA /* Frameworks */ = {
			isa = PBXGroup;
			children = (
				D5A55A161D731E8D00E8E9B3 /* CoreData.framework */,
				D5BA7B571D6A003F00CF9033 /* libz.tbd */,
				D5BA7B551D6A002A00CF9033 /* UIKit.framework */,
				D5BA7B531D6A001E00CF9033 /* OpenGLES.framework */,
				D5BA7B511D6A000300CF9033 /* GameKit.framework */,
				D5BA7B481D69FFF400CF9033 /* CoreMotion.framework */,
				503AE11A17EB9C5A00D1A890 /* IOKit.framework */,
				503AE11117EB99EE00D1A890 /* libcurl.dylib */,
				5087E78A17EB975400C73F5D /* OpenGL.framework */,
				5087E78817EB974C00C73F5D /* AppKit.framework */,
				1ACB3243164770DE00914215 /* libcurl.a */,
				D44C620F132DFF4E0009C878 /* AudioToolbox.framework */,
				D44C620D132DFF430009C878 /* AVFoundation.framework */,
				288765A40DF7441C002DB57D /* CoreGraphics.framework */,
				1D30AB110D05D00D00671497 /* Foundation.framework */,
				D44C620B132DFF330009C878 /* OpenAL.framework */,
				BF1C47EA1293683800B63C5D /* QuartzCore.framework */,
				D5B9C13C1DC49208008FF3DC /* GameData.xcdatamodeld */,
			);
			name = Frameworks;
			sourceTree = "<group>";
		};
		503AE0F517EB97AB00D1A890 /* Icons */ = {
			isa = PBXGroup;
			children = (
				503AE0F617EB97AB00D1A890 /* Icon.icns */,
				503AE0F717EB97AB00D1A890 /* Info.plist */,
			);
			name = Icons;
			path = mac;
			sourceTree = SOURCE_ROOT;
		};
		503AE10617EB990700D1A890 /* mac */ = {
			isa = PBXGroup;
			children = (
				503AE0F517EB97AB00D1A890 /* Icons */,
				503AE10317EB98FF00D1A890 /* main.cpp */,
				503AE10417EB98FF00D1A890 /* Prefix.pch */,
			);
			name = mac;
			sourceTree = "<group>";
		};
		78C7DDAA14EBA5050085D0C2 /* Resources */ = {
			isa = PBXGroup;
			children = (
				D533585B1DBBB10D0079B1E6 /* Images.xcassets */,
				D5B58A2E1DA6B6010015903F /* image */,
				D56E8C401D56EC3200546523 /* font */,
			);
			name = Resources;
			path = ../Resources;
			sourceTree = "<group>";
		};
		D5015FB71D72B68E002E4BE7 /* ios */ = {
			isa = PBXGroup;
			children = (
				D5015FB81D72B68E002E4BE7 /* GameCenterHandler.h */,
				D5015FB91D72B68E002E4BE7 /* GameCenterHandler.m */,
				D5015FBA1D72B68E002E4BE7 /* IOSTool.h */,
				D5015FBB1D72B68E002E4BE7 /* IOSTool.m */,
				D5A55ABC1D73388000E8E9B3 /* CoreDataHandler.m */,
				D5A55AC01D7338D700E8E9B3 /* CoreDataHandler.h */,
			);
			path = ios;
			sourceTree = "<group>";
		};
		D506C6001D55A30D004B0618 /* Products */ = {
			isa = PBXGroup;
			children = (
				D506C60F1D55A30D004B0618 /* libcocos2dx Mac.a */,
				D506C6111D55A30D004B0618 /* libcocos2dx-extensions Mac.a */,
				D506C6131D55A30D004B0618 /* libchipmunk Mac.a */,
				D506C6151D55A30D004B0618 /* libbox2d Mac.a */,
				D506C6171D55A30D004B0618 /* libCocosDenshion Mac.a */,
				D506C6191D55A30D004B0618 /* libcocos2dx iOS.a */,
				D506C61B1D55A30D004B0618 /* libcocos2dx-extensions iOS.a */,
				D506C61D1D55A30D004B0618 /* libchipmunk iOS.a */,
				D506C61F1D55A30D004B0618 /* libbox2d iOS.a */,
				D506C6211D55A30D004B0618 /* libCocosDenshion iOS.a */,
			);
			name = Products;
			sourceTree = "<group>";
		};
		D5ED89C21D58C4BB004AB3F9 /* utils */ = {
			isa = PBXGroup;
			children = (
				D5ED89C31D58C4BB004AB3F9 /* common */,
				D5ED89C51D58C4BB004AB3F9 /* util */,
			);
			name = utils;
			path = ../../../utils;
			sourceTree = "<group>";
		};
		D5ED89C31D58C4BB004AB3F9 /* common */ = {
			isa = PBXGroup;
			children = (
				D5ED89C41D58C4BB004AB3F9 /* KHeader.h */,
			);
			path = common;
			sourceTree = "<group>";
		};
		D5ED89C51D58C4BB004AB3F9 /* util */ = {
			isa = PBXGroup;
			children = (
				D5ED89C61D58C4BB004AB3F9 /* KUtil.cpp */,
				D5ED89C71D58C4BB004AB3F9 /* KUtil.h */,
				D5ED89C81D58C4BB004AB3F9 /* KUtilIOS.h */,
				D5ED89C91D58C4BB004AB3F9 /* KUtilIOS.mm */,
				D5015FB71D72B68E002E4BE7 /* ios */,
			);
			path = util;
			sourceTree = "<group>";
		};
/* End PBXGroup section */

/* Begin PBXNativeTarget section */
		1D6058900D05DD3D006BFB54 /* DouDiZhu iOS */ = {
			isa = PBXNativeTarget;
			buildConfigurationList = 1D6058960D05DD3E006BFB54 /* Build configuration list for PBXNativeTarget "DouDiZhu iOS" */;
			buildPhases = (
				1D60588D0D05DD3D006BFB54 /* Resources */,
				1D60588E0D05DD3D006BFB54 /* Sources */,
				1D60588F0D05DD3D006BFB54 /* Frameworks */,
			);
			buildRules = (
			);
			dependencies = (
				D506C62B1D55A40A004B0618 /* PBXTargetDependency */,
				D506C6291D55A406004B0618 /* PBXTargetDependency */,
				D506C6271D55A403004B0618 /* PBXTargetDependency */,
				D506C6251D55A400004B0618 /* PBXTargetDependency */,
				D506C6231D55A3FD004B0618 /* PBXTargetDependency */,
			);
			name = "DouDiZhu iOS";
			productName = iphone;
			productReference = 1D6058910D05DD3D006BFB54 /* DouDiZhu.app */;
			productType = "com.apple.product-type.application";
		};
		5087E73D17EB910900C73F5D /* DouDiZhu Mac */ = {
			isa = PBXNativeTarget;
			buildConfigurationList = 5087E76C17EB910900C73F5D /* Build configuration list for PBXNativeTarget "DouDiZhu Mac" */;
			buildPhases = (
				5087E74817EB910900C73F5D /* Resources */,
				5087E75617EB910900C73F5D /* Sources */,
				5087E75C17EB910900C73F5D /* Frameworks */,
			);
			buildRules = (
			);
			dependencies = (
			);
			name = "DouDiZhu Mac";
			productName = iphone;
			productReference = 5087E76F17EB910900C73F5D /* DouDiZhu iOS.app */;
			productType = "com.apple.product-type.application";
		};
/* End PBXNativeTarget section */

/* Begin PBXProject section */
		29B97313FDCFA39411CA2CEA /* Project object */ = {
			isa = PBXProject;
			attributes = {
				LastUpgradeCheck = 0800;
				TargetAttributes = {
					1D6058900D05DD3D006BFB54 = {
						DevelopmentTeam = B4XMEVFB5D;
					};
				};
			};
			buildConfigurationList = C01FCF4E08A954540054247B /* Build configuration list for PBXProject "DouDiZhu" */;
			compatibilityVersion = "Xcode 3.2";
			developmentRegion = English;
			hasScannedForEncodings = 1;
			knownRegions = (
				English,
				Japanese,
				French,
				German,
			);
			mainGroup = 29B97314FDCFA39411CA2CEA /* CustomTemplate */;
			projectDirPath = "";
			projectReferences = (
				{
					ProductGroup = D506C6001D55A30D004B0618 /* Products */;
					ProjectRef = D506C5FF1D55A30D004B0618 /* cocos2d_libs.xcodeproj */;
				},
			);
			projectRoot = "";
			targets = (
				1D6058900D05DD3D006BFB54 /* DouDiZhu iOS */,
				5087E73D17EB910900C73F5D /* DouDiZhu Mac */,
			);
		};
/* End PBXProject section */

/* Begin PBXReferenceProxy section */
		D506C60F1D55A30D004B0618 /* libcocos2dx Mac.a */ = {
			isa = PBXReferenceProxy;
			fileType = archive.ar;
			path = "libcocos2dx Mac.a";
			remoteRef = D506C60E1D55A30D004B0618 /* PBXContainerItemProxy */;
			sourceTree = BUILT_PRODUCTS_DIR;
		};
		D506C6111D55A30D004B0618 /* libcocos2dx-extensions Mac.a */ = {
			isa = PBXReferenceProxy;
			fileType = archive.ar;
			path = "libcocos2dx-extensions Mac.a";
			remoteRef = D506C6101D55A30D004B0618 /* PBXContainerItemProxy */;
			sourceTree = BUILT_PRODUCTS_DIR;
		};
		D506C6131D55A30D004B0618 /* libchipmunk Mac.a */ = {
			isa = PBXReferenceProxy;
			fileType = archive.ar;
			path = "libchipmunk Mac.a";
			remoteRef = D506C6121D55A30D004B0618 /* PBXContainerItemProxy */;
			sourceTree = BUILT_PRODUCTS_DIR;
		};
		D506C6151D55A30D004B0618 /* libbox2d Mac.a */ = {
			isa = PBXReferenceProxy;
			fileType = archive.ar;
			path = "libbox2d Mac.a";
			remoteRef = D506C6141D55A30D004B0618 /* PBXContainerItemProxy */;
			sourceTree = BUILT_PRODUCTS_DIR;
		};
		D506C6171D55A30D004B0618 /* libCocosDenshion Mac.a */ = {
			isa = PBXReferenceProxy;
			fileType = archive.ar;
			path = "libCocosDenshion Mac.a";
			remoteRef = D506C6161D55A30D004B0618 /* PBXContainerItemProxy */;
			sourceTree = BUILT_PRODUCTS_DIR;
		};
		D506C6191D55A30D004B0618 /* libcocos2dx iOS.a */ = {
			isa = PBXReferenceProxy;
			fileType = archive.ar;
			path = "libcocos2dx iOS.a";
			remoteRef = D506C6181D55A30D004B0618 /* PBXContainerItemProxy */;
			sourceTree = BUILT_PRODUCTS_DIR;
		};
		D506C61B1D55A30D004B0618 /* libcocos2dx-extensions iOS.a */ = {
			isa = PBXReferenceProxy;
			fileType = archive.ar;
			path = "libcocos2dx-extensions iOS.a";
			remoteRef = D506C61A1D55A30D004B0618 /* PBXContainerItemProxy */;
			sourceTree = BUILT_PRODUCTS_DIR;
		};
		D506C61D1D55A30D004B0618 /* libchipmunk iOS.a */ = {
			isa = PBXReferenceProxy;
			fileType = archive.ar;
			path = "libchipmunk iOS.a";
			remoteRef = D506C61C1D55A30D004B0618 /* PBXContainerItemProxy */;
			sourceTree = BUILT_PRODUCTS_DIR;
		};
		D506C61F1D55A30D004B0618 /* libbox2d iOS.a */ = {
			isa = PBXReferenceProxy;
			fileType = archive.ar;
			path = "libbox2d iOS.a";
			remoteRef = D506C61E1D55A30D004B0618 /* PBXContainerItemProxy */;
			sourceTree = BUILT_PRODUCTS_DIR;
		};
		D506C6211D55A30D004B0618 /* libCocosDenshion iOS.a */ = {
			isa = PBXReferenceProxy;
			fileType = archive.ar;
			path = "libCocosDenshion iOS.a";
			remoteRef = D506C6201D55A30D004B0618 /* PBXContainerItemProxy */;
			sourceTree = BUILT_PRODUCTS_DIR;
		};
/* End PBXReferenceProxy section */

/* Begin PBXResourcesBuildPhase section */
		1D60588D0D05DD3D006BFB54 /* Resources */ = {
			isa = PBXResourcesBuildPhase;
			buildActionMask = 2147483647;
			files = (
				D533585C1DBBB10D0079B1E6 /* Images.xcassets in Resources */,
				D56E8C411D56EC3200546523 /* font in Resources */,
				D5B58A2F1DA6B6010015903F /* image in Resources */,
			);
			runOnlyForDeploymentPostprocessing = 0;
		};
		5087E74817EB910900C73F5D /* Resources */ = {
			isa = PBXResourcesBuildPhase;
			buildActionMask = 2147483647;
			files = (
				D5B58A301DA6B6010015903F /* image in Resources */,
				503AE0F817EB97AB00D1A890 /* Icon.icns in Resources */,
				D56E8C421D56EC3200546523 /* font in Resources */,
			);
			runOnlyForDeploymentPostprocessing = 0;
		};
/* End PBXResourcesBuildPhase section */

/* Begin PBXSourcesBuildPhase section */
		1D60588E0D05DD3D006BFB54 /* Sources */ = {
			isa = PBXSourcesBuildPhase;
			buildActionMask = 2147483647;
			files = (
				D5B9C13E1DC49208008FF3DC /* GameData.xcdatamodeld in Sources */,
				D5015FBC1D72B68E002E4BE7 /* GameCenterHandler.m in Sources */,
				D53358551DBBB08F0079B1E6 /* AppDelegate.cpp in Sources */,
				503AE10017EB989F00D1A890 /* AppController.mm in Sources */,
				D5A55ABD1D73388000E8E9B3 /* CoreDataHandler.m in Sources */,
				D599D8D71DC5BEE200056B7E /* GameTool.cpp in Sources */,
				503AE10217EB989F00D1A890 /* RootViewController.mm in Sources */,
				D5ED89CC1D58C4BB004AB3F9 /* KUtilIOS.mm in Sources */,
				D599D8CA1DC5BEB100056B7E /* Ai.cpp in Sources */,
				503AE10117EB989F00D1A890 /* main.m in Sources */,
				D599D8CC1DC5BEB100056B7E /* DouDiZhu.cpp in Sources */,
				D5015FBE1D72B68E002E4BE7 /* IOSTool.m in Sources */,
				D599D8D01DC5BEB100056B7E /* PlayerDDZ.cpp in Sources */,
				D5ED89CA1D58C4BB004AB3F9 /* KUtil.cpp in Sources */,
				D599D8CE1DC5BEB100056B7E /* MainScene.cpp in Sources */,
				D599D8D21DC5BEB100056B7E /* PokerDDZ.cpp in Sources */,
			);
			runOnlyForDeploymentPostprocessing = 0;
		};
		5087E75617EB910900C73F5D /* Sources */ = {
			isa = PBXSourcesBuildPhase;
			buildActionMask = 2147483647;
			files = (
				D599D8CF1DC5BEB100056B7E /* MainScene.cpp in Sources */,
				D5015FBD1D72B68E002E4BE7 /* GameCenterHandler.m in Sources */,
				D599D8D31DC5BEB100056B7E /* PokerDDZ.cpp in Sources */,
				D5A55ABE1D73388000E8E9B3 /* CoreDataHandler.m in Sources */,
				503AE10517EB98FF00D1A890 /* main.cpp in Sources */,
				D599D8CB1DC5BEB100056B7E /* Ai.cpp in Sources */,
				D5015FBF1D72B68E002E4BE7 /* IOSTool.m in Sources */,
				D599D8CD1DC5BEB100056B7E /* DouDiZhu.cpp in Sources */,
				D53358561DBBB08F0079B1E6 /* AppDelegate.cpp in Sources */,
				D599D8D81DC5BEE200056B7E /* GameTool.cpp in Sources */,
				D5ED89CD1D58C4BB004AB3F9 /* KUtilIOS.mm in Sources */,
				D599D8D11DC5BEB100056B7E /* PlayerDDZ.cpp in Sources */,
				D5B9C13F1DC49208008FF3DC /* GameData.xcdatamodeld in Sources */,
				D5ED89CB1D58C4BB004AB3F9 /* KUtil.cpp in Sources */,
			);
			runOnlyForDeploymentPostprocessing = 0;
		};
/* End PBXSourcesBuildPhase section */

/* Begin PBXTargetDependency section */
		D506C6231D55A3FD004B0618 /* PBXTargetDependency */ = {
			isa = PBXTargetDependency;
			name = "cocos2dx iOS";
			targetProxy = D506C6221D55A3FD004B0618 /* PBXContainerItemProxy */;
		};
		D506C6251D55A400004B0618 /* PBXTargetDependency */ = {
			isa = PBXTargetDependency;
			name = "cocos2dx-extensions iOS";
			targetProxy = D506C6241D55A400004B0618 /* PBXContainerItemProxy */;
		};
		D506C6271D55A403004B0618 /* PBXTargetDependency */ = {
			isa = PBXTargetDependency;
			name = "chipmunk iOS";
			targetProxy = D506C6261D55A403004B0618 /* PBXContainerItemProxy */;
		};
		D506C6291D55A406004B0618 /* PBXTargetDependency */ = {
			isa = PBXTargetDependency;
			name = "box2d iOS";
			targetProxy = D506C6281D55A406004B0618 /* PBXContainerItemProxy */;
		};
		D506C62B1D55A40A004B0618 /* PBXTargetDependency */ = {
			isa = PBXTargetDependency;
			name = "CocosDenshion iOS";
			targetProxy = D506C62A1D55A40A004B0618 /* PBXContainerItemProxy */;
		};
/* End PBXTargetDependency section */

/* Begin XCBuildConfiguration section */
		1D6058940D05DD3E006BFB54 /* Debug */ = {
			isa = XCBuildConfiguration;
			buildSettings = {
				ALWAYS_EMBED_SWIFT_STANDARD_LIBRARIES = NO;
				ALWAYS_SEARCH_USER_PATHS = YES;
				ASSETCATALOG_COMPILER_APPICON_NAME = AppIcon;
				ASSETCATALOG_COMPILER_LAUNCHIMAGE_NAME = LaunchImage;
				CODE_SIGN_IDENTITY = "iPhone Developer";
				COMPRESS_PNG_FILES = NO;
				DEVELOPMENT_TEAM = B4XMEVFB5D;
				ENABLE_BITCODE = NO;
				GCC_DYNAMIC_NO_PIC = NO;
				GCC_INLINES_ARE_PRIVATE_EXTERN = NO;
				GCC_PRECOMPILE_PREFIX_HEADER = YES;
				GCC_PREFIX_HEADER = ios/Prefix.pch;
				GCC_PREPROCESSOR_DEFINITIONS = (
					USE_FILE32API,
					CC_TARGET_OS_IPHONE,
					"COCOS2D_DEBUG=1",
					"CC_ENABLE_CHIPMUNK_INTEGRATION=1",
					"KT_USE_PAK=false",
				);
				GCC_SYMBOLS_PRIVATE_EXTERN = NO;
				HEADER_SEARCH_PATHS = (
					"$(inherited)",
					"$(SRCROOT)/../../../cocos/platform/ios",
					"$(SRCROOT)/../../../cocos/platform/ios/Simulation",
				);
				INFOPLIST_FILE = ios/Info.plist;
				IPHONEOS_DEPLOYMENT_TARGET = 8.0;
				LD_RUNPATH_SEARCH_PATHS = "";
				LIBRARY_SEARCH_PATHS = "";
				PRODUCT_BUNDLE_IDENTIFIER = com.kwork.doudizhu;
				PRODUCT_NAME = DouDiZhu;
				SDKROOT = iphoneos;
				TARGETED_DEVICE_FAMILY = "1,2";
				USER_HEADER_SEARCH_PATHS = "";
				VALID_ARCHS = "arm64 armv7";
			};
			name = Debug;
		};
		1D6058950D05DD3E006BFB54 /* Release */ = {
			isa = XCBuildConfiguration;
			buildSettings = {
				ALWAYS_EMBED_SWIFT_STANDARD_LIBRARIES = NO;
				ALWAYS_SEARCH_USER_PATHS = YES;
				ASSETCATALOG_COMPILER_APPICON_NAME = AppIcon;
				ASSETCATALOG_COMPILER_LAUNCHIMAGE_NAME = LaunchImage;
				CODE_SIGN_IDENTITY = "iPhone Developer";
				COMPRESS_PNG_FILES = NO;
				DEVELOPMENT_TEAM = B4XMEVFB5D;
				ENABLE_BITCODE = NO;
				GCC_INLINES_ARE_PRIVATE_EXTERN = NO;
				GCC_PRECOMPILE_PREFIX_HEADER = YES;
				GCC_PREFIX_HEADER = ios/Prefix.pch;
				GCC_PREPROCESSOR_DEFINITIONS = (
					USE_FILE32API,
					CC_TARGET_OS_IPHONE,
					"CC_ENABLE_CHIPMUNK_INTEGRATION=1",
					"KT_USE_PAK=false",
				);
				GCC_SYMBOLS_PRIVATE_EXTERN = NO;
				HEADER_SEARCH_PATHS = (
					"$(inherited)",
					"$(SRCROOT)/../../../cocos/platform/ios",
					"$(SRCROOT)/../../../cocos/platform/ios/Simulation",
				);
				INFOPLIST_FILE = ios/Info.plist;
				IPHONEOS_DEPLOYMENT_TARGET = 8.0;
				LD_RUNPATH_SEARCH_PATHS = "";
				LIBRARY_SEARCH_PATHS = "";
				PRODUCT_BUNDLE_IDENTIFIER = com.kwork.doudizhu;
				PRODUCT_NAME = DouDiZhu;
				SDKROOT = iphoneos;
				TARGETED_DEVICE_FAMILY = "1,2";
				USER_HEADER_SEARCH_PATHS = "";
				VALID_ARCHS = "arm64 armv7";
			};
			name = Release;
		};
		5087E76D17EB910900C73F5D /* Debug */ = {
			isa = XCBuildConfiguration;
			buildSettings = {
				ALWAYS_SEARCH_USER_PATHS = YES;
				CLANG_CXX_LANGUAGE_STANDARD = "c++0x";
				CLANG_CXX_LIBRARY = "libc++";
				COMBINE_HIDPI_IMAGES = YES;
				GCC_DYNAMIC_NO_PIC = NO;
				GCC_INLINES_ARE_PRIVATE_EXTERN = NO;
				GCC_PRECOMPILE_PREFIX_HEADER = YES;
				GCC_PREFIX_HEADER = mac/Prefix.pch;
				GCC_PREPROCESSOR_DEFINITIONS = (
					USE_FILE32API,
					CC_TARGET_OS_MAC,
					"COCOS2D_DEBUG=1",
					"CC_ENABLE_CHIPMUNK_INTEGRATION=1",
				);
				GCC_SYMBOLS_PRIVATE_EXTERN = NO;
				HEADER_SEARCH_PATHS = (
					"$(inherited)",
					"$(SRCROOT)/../../../cocos/platform/mac",
					"$(SRCROOT)/../../../external/glfw3/include/mac",
				);
				INFOPLIST_FILE = mac/Info.plist;
				LIBRARY_SEARCH_PATHS = "";
				PRODUCT_BUNDLE_IDENTIFIER = org.cocos2dx.hellocpp;
				PRODUCT_NAME = "DouDiZhu iOS";
				USER_HEADER_SEARCH_PATHS = "";
			};
			name = Debug;
		};
		5087E76E17EB910900C73F5D /* Release */ = {
			isa = XCBuildConfiguration;
			buildSettings = {
				ALWAYS_SEARCH_USER_PATHS = YES;
				CLANG_CXX_LANGUAGE_STANDARD = "c++0x";
				CLANG_CXX_LIBRARY = "libc++";
				COMBINE_HIDPI_IMAGES = YES;
				GCC_INLINES_ARE_PRIVATE_EXTERN = NO;
				GCC_PRECOMPILE_PREFIX_HEADER = YES;
				GCC_PREFIX_HEADER = mac/Prefix.pch;
				GCC_PREPROCESSOR_DEFINITIONS = (
					USE_FILE32API,
					CC_TARGET_OS_MAC,
					"CC_ENABLE_CHIPMUNK_INTEGRATION=1",
				);
				GCC_SYMBOLS_PRIVATE_EXTERN = NO;
				HEADER_SEARCH_PATHS = (
					"$(inherited)",
					"$(SRCROOT)/../../../cocos/platform/mac",
					"$(SRCROOT)/../../../external/glfw3/include/mac",
				);
				INFOPLIST_FILE = mac/Info.plist;
				LIBRARY_SEARCH_PATHS = "";
				PRODUCT_BUNDLE_IDENTIFIER = org.cocos2dx.hellocpp;
				PRODUCT_NAME = "DouDiZhu iOS";
				USER_HEADER_SEARCH_PATHS = "";
			};
			name = Release;
		};
		C01FCF4F08A954540054247B /* Debug */ = {
			isa = XCBuildConfiguration;
			buildSettings = {
				CLANG_ANALYZER_LOCALIZABILITY_NONLOCALIZED = YES;
				CLANG_CXX_LANGUAGE_STANDARD = "c++0x";
				CLANG_CXX_LIBRARY = "libc++";
				CLANG_WARN_BOOL_CONVERSION = YES;
				CLANG_WARN_CONSTANT_CONVERSION = YES;
				CLANG_WARN_EMPTY_BODY = YES;
				CLANG_WARN_ENUM_CONVERSION = YES;
				CLANG_WARN_INFINITE_RECURSION = YES;
				CLANG_WARN_INT_CONVERSION = YES;
				CLANG_WARN_SUSPICIOUS_MOVE = YES;
				CLANG_WARN_UNREACHABLE_CODE = YES;
				CLANG_WARN__DUPLICATE_METHOD_MATCH = YES;
				COPY_PHASE_STRIP = NO;
				ENABLE_STRICT_OBJC_MSGSEND = YES;
				ENABLE_TESTABILITY = YES;
				GCC_NO_COMMON_BLOCKS = YES;
				GCC_OPTIMIZATION_LEVEL = 0;
				GCC_WARN_64_TO_32_BIT_CONVERSION = YES;
				GCC_WARN_ABOUT_RETURN_TYPE = YES;
				GCC_WARN_UNDECLARED_SELECTOR = YES;
				GCC_WARN_UNINITIALIZED_AUTOS = YES;
				GCC_WARN_UNUSED_FUNCTION = YES;
				GCC_WARN_UNUSED_VARIABLE = YES;
				HEADER_SEARCH_PATHS = (
					"$(SRCROOT)/../../../",
					"$(SRCROOT)/../../../cocos",
					"$(SRCROOT)/../../../cocos/base",
					"$(SRCROOT)/../../../cocos/physics",
					"$(SRCROOT)/../../../cocos/math",
					"$(SRCROOT)/../../../cocos/2d",
					"$(SRCROOT)/../../../cocos/ui",
					"$(SRCROOT)/../../../cocos/network",
					"$(SRCROOT)/../../../cocos/audio/include",
					"$(SRCROOT)/../../../cocos/editor-support",
					"$(SRCROOT)/../../../extensions",
					"$(SRCROOT)/../../../external",
					"$(SRCROOT)/../../../external/chipmunk/include/chipmunk",
				);
				MACOSX_DEPLOYMENT_TARGET = 10.7;
				ONLY_ACTIVE_ARCH = YES;
				PRODUCT_NAME = "$(TARGET_NAME)";
				SDKROOT = macosx;
			};
			name = Debug;
		};
		C01FCF5008A954540054247B /* Release */ = {
			isa = XCBuildConfiguration;
			buildSettings = {
				CLANG_ANALYZER_LOCALIZABILITY_NONLOCALIZED = YES;
				CLANG_CXX_LANGUAGE_STANDARD = "c++0x";
				CLANG_CXX_LIBRARY = "libc++";
				CLANG_WARN_BOOL_CONVERSION = YES;
				CLANG_WARN_CONSTANT_CONVERSION = YES;
				CLANG_WARN_EMPTY_BODY = YES;
				CLANG_WARN_ENUM_CONVERSION = YES;
				CLANG_WARN_INFINITE_RECURSION = YES;
				CLANG_WARN_INT_CONVERSION = YES;
				CLANG_WARN_SUSPICIOUS_MOVE = YES;
				CLANG_WARN_UNREACHABLE_CODE = YES;
				CLANG_WARN__DUPLICATE_METHOD_MATCH = YES;
				ENABLE_STRICT_OBJC_MSGSEND = YES;
				GCC_NO_COMMON_BLOCKS = YES;
				GCC_WARN_64_TO_32_BIT_CONVERSION = YES;
				GCC_WARN_ABOUT_RETURN_TYPE = YES;
				GCC_WARN_UNDECLARED_SELECTOR = YES;
				GCC_WARN_UNINITIALIZED_AUTOS = YES;
				GCC_WARN_UNUSED_FUNCTION = YES;
				GCC_WARN_UNUSED_VARIABLE = YES;
				HEADER_SEARCH_PATHS = (
					"$(SRCROOT)/../../../",
					"$(SRCROOT)/../../../cocos",
					"$(SRCROOT)/../../../cocos/base",
					"$(SRCROOT)/../../../cocos/physics",
					"$(SRCROOT)/../../../cocos/math",
					"$(SRCROOT)/../../../cocos/2d",
					"$(SRCROOT)/../../../cocos/ui",
					"$(SRCROOT)/../../../cocos/network",
					"$(SRCROOT)/../../../cocos/audio/include",
					"$(SRCROOT)/../../../cocos/editor-support",
					"$(SRCROOT)/../../../extensions",
					"$(SRCROOT)/../../../external",
					"$(SRCROOT)/../../../external/chipmunk/include/chipmunk",
				);
				MACOSX_DEPLOYMENT_TARGET = 10.7;
				OTHER_CFLAGS = "-DNS_BLOCK_ASSERTIONS=1";
				PRODUCT_NAME = "$(TARGET_NAME)";
				SDKROOT = macosx;
				VALIDATE_PRODUCT = YES;
			};
			name = Release;
		};
/* End XCBuildConfiguration section */

/* Begin XCConfigurationList section */
		1D6058960D05DD3E006BFB54 /* Build configuration list for PBXNativeTarget "DouDiZhu iOS" */ = {
			isa = XCConfigurationList;
			buildConfigurations = (
				1D6058940D05DD3E006BFB54 /* Debug */,
				1D6058950D05DD3E006BFB54 /* Release */,
			);
			defaultConfigurationIsVisible = 0;
			defaultConfigurationName = Debug;
		};
		5087E76C17EB910900C73F5D /* Build configuration list for PBXNativeTarget "DouDiZhu Mac" */ = {
			isa = XCConfigurationList;
			buildConfigurations = (
				5087E76D17EB910900C73F5D /* Debug */,
				5087E76E17EB910900C73F5D /* Release */,
			);
			defaultConfigurationIsVisible = 0;
			defaultConfigurationName = Debug;
		};
		C01FCF4E08A954540054247B /* Build configuration list for PBXProject "DouDiZhu" */ = {
			isa = XCConfigurationList;
			buildConfigurations = (
				C01FCF4F08A954540054247B /* Debug */,
				C01FCF5008A954540054247B /* Release */,
			);
			defaultConfigurationIsVisible = 0;
			defaultConfigurationName = Debug;
		};
/* End XCConfigurationList section */

/* Begin XCVersionGroup section */
		D5B9C13C1DC49208008FF3DC /* GameData.xcdatamodeld */ = {
			isa = XCVersionGroup;
			children = (
				D5B9C13D1DC49208008FF3DC /* GameData.xcdatamodel */,
			);
			currentVersion = D5B9C13D1DC49208008FF3DC /* GameData.xcdatamodel */;
			path = GameData.xcdatamodeld;
			sourceTree = "<group>";
			versionGroupType = wrapper.xcdatamodel;
		};
/* End XCVersionGroup section */
	};
	rootObject = 29B97313FDCFA39411CA2CEA /* Project object */;
}
